{
    "_readme": [
        "This file locks the dependencies of your project to a known state",
        "Read more about it at https://getcomposer.org/doc/01-basic-usage.md#composer-lock-the-lock-file",
        "This file is @generated automatically"
    ],
    "content-hash": "8a007dd030a1b5041b9ced7f024bc715",
    "packages": [
        {
            "name": "composer/installers",
            "version": "v1.5.0",
            "source": {
                "type": "git",
                "url": "https://github.com/composer/installers.git",
                "reference": "049797d727261bf27f2690430d935067710049c2"
            },
            "dist": {
                "type": "zip",
                "url": "https://api.github.com/repos/composer/installers/zipball/049797d727261bf27f2690430d935067710049c2",
                "reference": "049797d727261bf27f2690430d935067710049c2",
                "shasum": ""
            },
            "require": {
                "composer-plugin-api": "^1.0"
            },
            "replace": {
                "roundcube/plugin-installer": "*",
                "shama/baton": "*"
            },
            "require-dev": {
                "composer/composer": "1.0.*@dev",
                "phpunit/phpunit": "^4.8.36"
            },
            "type": "composer-plugin",
            "extra": {
                "class": "Composer\\Installers\\Plugin",
                "branch-alias": {
                    "dev-master": "1.0-dev"
                }
            },
            "autoload": {
                "psr-4": {
                    "Composer\\Installers\\": "src/Composer/Installers"
                }
            },
            "notification-url": "https://packagist.org/downloads/",
            "license": [
                "MIT"
            ],
            "authors": [
                {
                    "name": "Kyle Robinson Young",
                    "email": "kyle@dontkry.com",
                    "homepage": "https://github.com/shama"
                }
            ],
            "description": "A multi-framework Composer library installer",
            "homepage": "https://composer.github.io/installers/",
            "keywords": [
                "Craft",
                "Dolibarr",
                "Eliasis",
                "Hurad",
                "ImageCMS",
                "Kanboard",
                "Lan Management System",
                "MODX Evo",
                "Mautic",
                "Maya",
                "OXID",
                "Plentymarkets",
                "Porto",
                "RadPHP",
                "SMF",
                "Thelia",
                "WolfCMS",
                "agl",
                "aimeos",
                "annotatecms",
                "attogram",
                "bitrix",
                "cakephp",
                "chef",
                "cockpit",
                "codeigniter",
                "concrete5",
                "croogo",
                "dokuwiki",
                "drupal",
                "eZ Platform",
                "elgg",
                "expressionengine",
                "fuelphp",
                "grav",
                "installer",
                "itop",
                "joomla",
                "kohana",
                "laravel",
                "lavalite",
                "lithium",
                "magento",
                "majima",
                "mako",
                "mediawiki",
                "modulework",
                "modx",
                "moodle",
                "osclass",
                "phpbb",
                "piwik",
                "ppi",
                "puppet",
                "pxcms",
                "reindex",
                "roundcube",
                "shopware",
                "silverstripe",
                "sydes",
                "symfony",
                "typo3",
                "wordpress",
                "yawik",
                "zend",
                "zikula"
            ],
            "time": "2017-12-29T09:13:20+00:00"
        },
        {
            "name": "creativefuse/_Reactor",
            "version": "dev-master",
            "source": {
                "type": "git",
                "url": "git@github.com:CreativeFuse/cf.mu.Reactor.git",
                "reference": "f29c80f74a361fa513ff1d673c3558dbc49ee675"
            },
            "dist": {
                "type": "zip",
                "url": "https://api.github.com/repos/CreativeFuse/cf.mu.Reactor/zipball/f29c80f74a361fa513ff1d673c3558dbc49ee675",
                "reference": "f29c80f74a361fa513ff1d673c3558dbc49ee675",
                "shasum": ""
            },
            "require": {
                "composer/installers": "~1.0",
                "php": ">=7.1",
                "soberwp/intervention": "~1.0"
            },
            "type": "wordpress-muplugin",
            "authors": [
                {
                    "name": "CreativeFuse",
                    "email": "support@creativefuse.org"
                }
            ],
            "description": "Our core plugin to customize and extend Wordpress.",
            "keywords": [
                "plugin",
                "wordpress",
                "wp"
            ],
            "support": {
                "issues": "https://github.com/CreativeFuse/cf.mu.Reactor/issues",
                "source": "https://github.com/CreativeFuse/cf.mu.Reactor/tree/master"
            },
            "time": "2018-04-19T19:39:45+00:00"
        },
        {
            "name": "creativefuse/__config",
            "version": "dev-master",
            "source": {
                "type": "git",
                "url": "git@github.com:CreativeFuse/cf.mu.config.git",
                "reference": "27ff9bd001f5c6c2a392108fe58e1ab1558d878c"
            },
            "dist": {
                "type": "zip",
                "url": "https://api.github.com/repos/CreativeFuse/cf.mu.config/zipball/27ff9bd001f5c6c2a392108fe58e1ab1558d878c",
                "reference": "27ff9bd001f5c6c2a392108fe58e1ab1558d878c",
                "shasum": ""
            },
            "require": {
                "composer/installers": "~1.0",
                "php": ">=7.1"
            },
            "type": "wordpress-muplugin",
            "license": [
                "GPL-3.0+"
            ],
            "authors": [
                {
                    "name": "CreativeFuse",
                    "email": "support@creativefuse.org"
                }
            ],
            "description": "A confguration file and class for use in the mu-plugin directory",
            "homepage": "https://github.com/CreativeFuse/cf.mu.config",
            "keywords": [
                "plugin",
                "wordpress",
                "wp"
            ],
            "support": {
                "issues": "https://github.com/CreativeFuse/cf.mu.config/issues",
                "source": "https://github.com/CreativeFuse/cf.mu.config/tree/master"
            },
            "time": "2018-04-19T18:28:55+00:00"
        },
        {
            "name": "creativefuse/fuse",
            "version": "dev-master",
            "source": {
                "type": "git",
                "url": "git@github.com:CreativeFuse/cf.theme.fuse.git",
                "reference": "f4b0e246a5ca145b6da639d8c331a22deaa1633e"
            },
            "dist": {
                "type": "zip",
                "url": "https://api.github.com/repos/CreativeFuse/cf.theme.fuse/zipball/f4b0e246a5ca145b6da639d8c331a22deaa1633e",
                "reference": "f4b0e246a5ca145b6da639d8c331a22deaa1633e",
                "shasum": ""
            },
            "require": {
                "composer/installers": "~1.0",
                "php": ">=7.1"
            },
            "type": "wordpress-theme",
            "authors": [
                {
                    "name": "CreativeFuse",
                    "email": "support@creativefuse.org"
                }
            ],
            "description": "An incredibly powerful and flexible Wordpress theme, meant to serve as a platform to build anything you can imagine.",
            "support": {
                "issues": "https://github.com/CreativeFuse/cf.theme.fuse/issues",
                "source": "https://github.com/CreativeFuse/cf.theme.fuse/tree/master"
            },
            "time": "2018-04-19T16:15:15+00:00"
        },
        {
            "name": "soberwp/intervention",
            "version": "1.2.0-p",
            "source": {
                "type": "git",
                "url": "https://github.com/soberwp/intervention.git",
                "reference": "1698e51efe696c5867fb78ef7c5d2efff9b79260"
            },
            "dist": {
                "type": "zip",
                "url": "https://api.github.com/repos/soberwp/intervention/zipball/1698e51efe696c5867fb78ef7c5d2efff9b79260",
                "reference": "1698e51efe696c5867fb78ef7c5d2efff9b79260",
                "shasum": ""
            },
            "require": {
                "composer/installers": "~1.0",
                "php": ">=5.4.0"
            },
            "require-dev": {
                "squizlabs/php_codesniffer": "2.*"
            },
            "type": "package",
            "autoload": {
                "psr-4": {
                    "Sober\\Intervention\\": "src/",
                    "Sober\\Intervention\\Module\\": "src/modules/"
                },
                "files": [
                    "intervention.php"
                ]
            },
            "notification-url": "https://packagist.org/downloads/",
            "license": [
                "MIT"
            ],
            "authors": [
                {
                    "name": "Darren Jacoby",
                    "email": "darren@jacoby.co.za",
                    "homepage": "https://twitter.com/withjacoby"
                }
            ],
            "description": "WordPress plugin containing modules to cleanup and customize wp-admin.",
            "homepage": "https://github.com/soberwp",
            "keywords": [
                "wordpress"
            ],
            "time": "2017-08-26T12:21:27+00:00"
        }
    ],
    "packages-dev": [
        {
            "name": "creativefuse/__tracer",
            "version": "dev-master",
            "source": {
                "type": "git",
                "url": "git@github.com:CreativeFuse/cf.mu.tracer.git",
                "reference": "cbeb13d6b2ecb6f164a82e4c17c03d5384f25c46"
            },
            "dist": {
                "type": "zip",
                "url": "https://api.github.com/repos/CreativeFuse/cf.mu.tracer/zipball/cbeb13d6b2ecb6f164a82e4c17c03d5384f25c46",
                "reference": "cbeb13d6b2ecb6f164a82e4c17c03d5384f25c46",
                "shasum": ""
            },
            "require": {
                "composer/installers": "~1.0",
                "filp/whoops": "~2.0",
                "kint-php/kint": "~2.0",
                "php": ">=7.1"
            },
            "type": "wordpress-muplugin",
            "autoload": {
                "files": [
                    "src/Support/whoops-loader.php",
                    "src/Admin/admin-color.php"
                ]
            },
            "license": [
                "GPL-3.0+"
            ],
            "authors": [
                {
                    "name": "CreativeFuse",
                    "email": "support@creativefuse.org"
                }
            ],
            "description": "A Suite of Developer Tools for WordPress development.",
            "homepage": "https://github.com/CreativeFuse/cf.mu.tracer",
            "keywords": [
                "plugin",
                "wordpress",
                "wp"
            ],
            "support": {
                "issues": "https://github.com/CreativeFuse/cf.mu.tracer/issues",
                "source": "https://github.com/CreativeFuse/cf.mu.tracer/tree/master"
            },
            "time": "2018-04-19T20:05:13+00:00"
        },
        {
            "name": "filp/whoops",
            "version": "2.1.14",
            "source": {
                "type": "git",
                "url": "https://github.com/filp/whoops.git",
                "reference": "c6081b8838686aa04f1e83ba7e91f78b7b2a23e6"
            },
            "dist": {
                "type": "zip",
                "url": "https://api.github.com/repos/filp/whoops/zipball/c6081b8838686aa04f1e83ba7e91f78b7b2a23e6",
                "reference": "c6081b8838686aa04f1e83ba7e91f78b7b2a23e6",
                "shasum": ""
            },
            "require": {
                "php": "^5.5.9 || ^7.0",
                "psr/log": "^1.0.1"
            },
            "require-dev": {
                "mockery/mockery": "0.9.*",
                "phpunit/phpunit": "^4.8.35 || ^5.7",
                "symfony/var-dumper": "^2.6 || ^3.0"
            },
            "suggest": {
                "symfony/var-dumper": "Pretty print complex values better with var-dumper available",
                "whoops/soap": "Formats errors as SOAP responses"
            },
            "type": "library",
            "extra": {
                "branch-alias": {
                    "dev-master": "2.0-dev"
                }
            },
            "autoload": {
                "psr-4": {
                    "Whoops\\": "src/Whoops/"
                }
            },
            "notification-url": "https://packagist.org/downloads/",
            "license": [
                "MIT"
            ],
            "authors": [
                {
                    "name": "Filipe Dobreira",
                    "homepage": "https://github.com/filp",
                    "role": "Developer"
                }
            ],
            "description": "php error handling for cool kids",
            "homepage": "https://filp.github.io/whoops/",
            "keywords": [
                "error",
                "exception",
                "handling",
                "library",
                "throwable",
                "whoops"
            ],
            "time": "2017-11-23T18:22:44+00:00"
        },
        {
            "name": "johnbillion/query-monitor",
            "version": "3.0.0",
            "source": {
                "type": "git",
                "url": "https://github.com/johnbillion/query-monitor.git",
                "reference": "7b315a5828bde856d048a0256ed342e03c065353"
            },
            "dist": {
                "type": "zip",
                "url": "https://api.github.com/repos/johnbillion/query-monitor/zipball/7b315a5828bde856d048a0256ed342e03c065353",
                "reference": "7b315a5828bde856d048a0256ed342e03c065353",
                "shasum": ""
            },
            "require": {
                "composer/installers": "~1.0"
            },
            "require-dev": {
                "phpunit/phpunit": "^5",
                "squizlabs/php_codesniffer": "^3.2",
                "wimg/php-compatibility": "^8",
                "wp-coding-standards/wpcs": "^0.13"
            },
            "type": "wordpress-plugin",
            "notification-url": "https://packagist.org/downloads/",
            "license": [
                "GPL-2.0-or-later"
            ],
            "authors": [
                {
                    "name": "John Blackbourn",
                    "homepage": "https://johnblackbourn.com/"
                }
            ],
            "description": "The Developer Tools panel for WordPress.",
            "homepage": "https://github.com/johnbillion/query-monitor/",
            "time": "2018-04-12T01:38:37+00:00"
        },
        {
            "name": "kint-php/kint",
            "version": "2.2",
            "source": {
                "type": "git",
                "url": "https://github.com/kint-php/kint.git",
                "reference": "b091715eadaf6e1a7ef927f3e81d1004611d2aea"
            },
            "dist": {
                "type": "zip",
                "url": "https://api.github.com/repos/kint-php/kint/zipball/b091715eadaf6e1a7ef927f3e81d1004611d2aea",
                "reference": "b091715eadaf6e1a7ef927f3e81d1004611d2aea",
                "shasum": ""
            },
            "require": {
                "php": ">=5.1.2"
            },
            "require-dev": {
                "friendsofphp/php-cs-fixer": "^2.0",
                "phpunit/phpunit": "^4.0",
                "symfony/finder": "^2.6"
            },
            "type": "library",
            "autoload": {
                "files": [
                    "init.php"
                ],
                "classmap": [
                    "src/"
                ]
            },
            "notification-url": "https://packagist.org/downloads/",
            "license": [
                "MIT"
            ],
            "authors": [
                {
                    "name": "Rokas Šleinius",
                    "homepage": "https://github.com/raveren"
                },
                {
                    "name": "Jonathan Vollebregt",
                    "homepage": "https://github.com/jnvsor"
                },
                {
                    "name": "Contributors",
                    "homepage": "https://github.com/kint-php/kint/graphs/contributors"
                }
            ],
            "description": "Kint - debugging tool for PHP developers",
            "homepage": "https://kint-php.github.io/kint/",
            "keywords": [
                "debug",
                "kint",
                "php"
            ],
            "time": "2017-09-06T17:46:03+00:00"
        },
        {
            "name": "psr/log",
            "version": "1.0.2",
            "source": {
                "type": "git",
                "url": "https://github.com/php-fig/log.git",
                "reference": "4ebe3a8bf773a19edfe0a84b6585ba3d401b724d"
            },
            "dist": {
                "type": "zip",
                "url": "https://api.github.com/repos/php-fig/log/zipball/4ebe3a8bf773a19edfe0a84b6585ba3d401b724d",
                "reference": "4ebe3a8bf773a19edfe0a84b6585ba3d401b724d",
                "shasum": ""
            },
            "require": {
                "php": ">=5.3.0"
            },
            "type": "library",
            "extra": {
                "branch-alias": {
                    "dev-master": "1.0.x-dev"
                }
            },
            "autoload": {
                "psr-4": {
                    "Psr\\Log\\": "Psr/Log/"
                }
            },
            "notification-url": "https://packagist.org/downloads/",
            "license": [
                "MIT"
            ],
            "authors": [
                {
                    "name": "PHP-FIG",
                    "homepage": "http://www.php-fig.org/"
                }
            ],
            "description": "Common interface for logging libraries",
            "homepage": "https://github.com/php-fig/log",
            "keywords": [
                "log",
                "psr",
                "psr-3"
            ],
            "time": "2016-10-10T12:19:37+00:00"
        }
    ],
    "aliases": [],
    "minimum-stability": "stable",
    "stability-flags": {
        "creativefuse/fuse": 20,
        "creativefuse/__config": 20,
        "creativefuse/_reactor": 20,
        "creativefuse/__tracer": 20
    },
    "prefer-stable": false,
    "prefer-lowest": false,
    "platform": {
        "php": ">=7.1"
    },
    "platform-dev": []
}
